# @generated - this file is auto-generated by `mise lock` https://mise.jdx.dev/dev-tools/mise-lock.html

[[tools.awscli]]
version = "2.36.9"
backend = "aqua:aws/aws-cli"

[tools.awscli."platforms.linux-arm64"]
url = "https://awscli.amazonaws.com/awscli-exe-linux-aarch64-2.36.9.zip"

[tools.awscli."platforms.linux-arm64-musl"]
url = "https://awscli.amazonaws.com/awscli-exe-linux-aarch64-2.36.9.zip"

[tools.awscli."platforms.linux-x64"]
url = "https://awscli.amazonaws.com/awscli-exe-linux-x86_64-2.36.9.zip"

[tools.awscli."platforms.linux-x64-musl"]
url = "https://awscli.amazonaws.com/awscli-exe-linux-x86_64-2.36.9.zip"

[tools.awscli."platforms.macos-arm64"]
url = "https://awscli.amazonaws.com/AWSCLIV2-2.36.9.pkg"

[tools.awscli."platforms.macos-x64"]
url = "https://awscli.amazonaws.com/AWSCLIV2-2.36.9.pkg"

[[tools.ggshield]]
version = "v1.53.0"
backend = "aqua:GitGuardian/ggshield"

[tools.ggshield."platforms.linux-x64"]
checksum = "sha256:234d1a62ea7b769695c7e5aee8f29e9d0069cd09b4e5b67493d3b529abb44e4a"
url = "https://github.com/GitGuardian/ggshield/releases/download/v1.53.0/ggshield-1.53.0-x86_64-unknown-linux-gnu.tar.gz"
url_api = "https://api.github.com/repos/GitGuardian/ggshield/releases/assets/492905742"
provenance = "github-attestations"

[tools.ggshield."platforms.linux-x64-musl"]
provenance = "github-attestations"

[tools.ggshield."platforms.macos-arm64"]
checksum = "sha256:09baf4277effc9965bf6affdb21a692a3491ad977e2625a742ec421e41858ab8"
url = "https://github.com/GitGuardian/ggshield/releases/download/v1.53.0/ggshield-1.53.0-arm64-apple-darwin.tar.gz"
url_api = "https://api.github.com/repos/GitGuardian/ggshield/releases/assets/492905714"
provenance = "github-attestations"

[tools.ggshield."platforms.macos-x64"]
checksum = "sha256:3d5f4714d831f78d68bf1880023aa5623cdd57735217bc7b08dcd8b372c57996"
url = "https://github.com/GitGuardian/ggshield/releases/download/v1.53.0/ggshield-1.53.0-x86_64-apple-darwin.tar.gz"
url_api = "https://api.github.com/repos/GitGuardian/ggshield/releases/assets/492905741"
provenance = "github-attestations"

[tools.ggshield."platforms.windows-x64"]
checksum = "sha256:dec89a69feb0a525e847b8bd91aebe594d2724fe09e50b00a90aef20362d7474"
url = "https://github.com/GitGuardian/ggshield/releases/download/v1.53.0/ggshield-1.53.0-x86_64-pc-windows-msvc.zip"
url_api = "https://api.github.com/repos/GitGuardian/ggshield/releases/assets/492905705"
provenance = "github-attestations"

[[tools.go]]
version = "1.27.0"
backend = "core:go"

[tools.go."platforms.linux-arm64"]
checksum = "sha256:51798d2c42d0e1c6ed7fd9f48728b4193abac9e8aad6dbac2fe96a81f5909bda"
url = "https://dl.google.com/go/go1.27.0.linux-arm64.tar.gz"

[tools.go."platforms.linux-arm64-musl"]
checksum = "sha256:51798d2c42d0e1c6ed7fd9f48728b4193abac9e8aad6dbac2fe96a81f5909bda"
url = "https://dl.google.com/go/go1.27.0.linux-arm64.tar.gz"

[tools.go."platforms.linux-x64"]
checksum = "sha256:675c26c449cbb18fc24b74650de1eabbae6e16f64326fd85a283fb3b58280685"
url = "https://dl.google.com/go/go1.27.0.linux-amd64.tar.gz"

[tools.go."platforms.linux-x64-musl"]
checksum = "sha256:675c26c449cbb18fc24b74650de1eabbae6e16f64326fd85a283fb3b58280685"
url = "https://dl.google.com/go/go1.27.0.linux-amd64.tar.gz"

[tools.go."platforms.macos-arm64"]
checksum = "sha256:90493b3bbd5e10f91d12153198bf1994fd756399b4fec93b49b0c6e2acdeeb3e"
url = "https://dl.google.com/go/go1.27.0.darwin-arm64.tar.gz"

[tools.go."platforms.macos-x64"]
checksum = "sha256:d3314e25496e4381d71a5c51d2907e7af655d199f6780b549f015bd85fef4986"
url = "https://dl.google.com/go/go1.27.0.darwin-amd64.tar.gz"

[tools.go."platforms.windows-x64"]
checksum = "sha256:f0c0a0d33ba94f4d2c5dbc887334ce678b21813504ddb3aafcb06e60a5a667c4"
url = "https://dl.google.com/go/go1.27.0.windows-amd64.zip"

[[tools."go:github.com/spf13/cobra-cli"]]
version = "1.3.0"
backend = "go:github.com/spf13/cobra-cli"

[[tools.gofumpt]]
version = "v0.9.2"
backend = "aqua:mvdan/gofumpt"

[tools.gofumpt."platforms.linux-arm64"]
checksum = "sha256:5acaa5a554050f55fc81ef02a8b0d14ab6b3c058a84513885286dc52d3451645"
url = "https://github.com/mvdan/gofumpt/releases/download/v0.9.2/gofumpt_v0.9.2_linux_arm64"
url_api = "https://api.github.com/repos/mvdan/gofumpt/releases/assets/307062639"

[tools.gofumpt."platforms.linux-arm64-musl"]
checksum = "sha256:5acaa5a554050f55fc81ef02a8b0d14ab6b3c058a84513885286dc52d3451645"
url = "https://github.com/mvdan/gofumpt/releases/download/v0.9.2/gofumpt_v0.9.2_linux_arm64"
url_api = "https://api.github.com/repos/mvdan/gofumpt/releases/assets/307062639"

[tools.gofumpt."platforms.linux-x64"]
checksum = "sha256:72cf61b12fef91eab6df6db4a4284f30616b5ead330112e28a1fa1cb15e57339"
url = "https://github.com/mvdan/gofumpt/releases/download/v0.9.2/gofumpt_v0.9.2_linux_amd64"
url_api = "https://api.github.com/repos/mvdan/gofumpt/releases/assets/307062633"

[tools.gofumpt."platforms.linux-x64-musl"]
checksum = "sha256:72cf61b12fef91eab6df6db4a4284f30616b5ead330112e28a1fa1cb15e57339"
url = "https://github.com/mvdan/gofumpt/releases/download/v0.9.2/gofumpt_v0.9.2_linux_amd64"
url_api = "https://api.github.com/repos/mvdan/gofumpt/releases/assets/307062633"

[tools.gofumpt."platforms.macos-arm64"]
checksum = "sha256:c241fb742599a6cb0563d7377f59def65d451b23dd718dbc6ddf4ab5e695e8f1"
url = "https://github.com/mvdan/gofumpt/releases/download/v0.9.2/gofumpt_v0.9.2_darwin_arm64"
url_api = "https://api.github.com/repos/mvdan/gofumpt/releases/assets/307062628"

[tools.gofumpt."platforms.macos-x64"]
checksum = "sha256:4172b912ec514038605f334fef9ed7b3f12ca3e40024cb0a622eab3073a55e57"
url = "https://github.com/mvdan/gofumpt/releases/download/v0.9.2/gofumpt_v0.9.2_darwin_amd64"
url_api = "https://api.github.com/repos/mvdan/gofumpt/releases/assets/307062623"

[tools.gofumpt."platforms.windows-x64"]
checksum = "sha256:067236b55a8ef4547ddc7d78fbb7a38169de15bab02a1763cde6a132c59dd35c"
url = "https://github.com/mvdan/gofumpt/releases/download/v0.9.2/gofumpt_v0.9.2_windows_amd64.exe"
url_api = "https://api.github.com/repos/mvdan/gofumpt/releases/assets/307062645"

[[tools.golangci-lint]]
version = "2.13.1"
backend = "aqua:golangci/golangci-lint"

[tools.golangci-lint."platforms.linux-arm64"]
checksum = "sha256:908317c23db18448f924e853b3d8a659fd919614cd438f224810a4053daa2607"
url = "https://github.com/golangci/golangci-lint/releases/download/v2.13.1/golangci-lint-2.13.1-linux-arm64.tar.gz"
url_api = "https://api.github.com/repos/golangci/golangci-lint/releases/assets/522396912"
provenance = "github-attestations"

[tools.golangci-lint."platforms.linux-arm64-musl"]
checksum = "sha256:908317c23db18448f924e853b3d8a659fd919614cd438f224810a4053daa2607"
url = "https://github.com/golangci/golangci-lint/releases/download/v2.13.1/golangci-lint-2.13.1-linux-arm64.tar.gz"
url_api = "https://api.github.com/repos/golangci/golangci-lint/releases/assets/522396912"
provenance = "github-attestations"

[tools.golangci-lint."platforms.linux-x64"]
checksum = "sha256:b17bfbc9d4aaa48be7f4f1ce3240bc3d8200c870c072bacf15c26219e2cfb9cc"
url = "https://github.com/golangci/golangci-lint/releases/download/v2.13.1/golangci-lint-2.13.1-linux-amd64.tar.gz"
url_api = "https://api.github.com/repos/golangci/golangci-lint/releases/assets/522396872"
provenance = "github-attestations"

[tools.golangci-lint."platforms.linux-x64-musl"]
checksum = "sha256:b17bfbc9d4aaa48be7f4f1ce3240bc3d8200c870c072bacf15c26219e2cfb9cc"
url = "https://github.com/golangci/golangci-lint/releases/download/v2.13.1/golangci-lint-2.13.1-linux-amd64.tar.gz"
url_api = "https://api.github.com/repos/golangci/golangci-lint/releases/assets/522396872"
provenance = "github-attestations"

[tools.golangci-lint."platforms.macos-arm64"]
checksum = "sha256:0c9818baf6fb8ad26c6d2ef51b68d5a1e260ef07727036b1431647cc44637c7c"
url = "https://github.com/golangci/golangci-lint/releases/download/v2.13.1/golangci-lint-2.13.1-darwin-arm64.tar.gz"
url_api = "https://api.github.com/repos/golangci/golangci-lint/releases/assets/522396798"
provenance = "github-attestations"

[tools.golangci-lint."platforms.macos-x64"]
checksum = "sha256:2c373363953e4e0bee2a03b7fe864a5eb6a3822927cb077d9ca33f2ae3cb2da2"
url = "https://github.com/golangci/golangci-lint/releases/download/v2.13.1/golangci-lint-2.13.1-darwin-amd64.tar.gz"
url_api = "https://api.github.com/repos/golangci/golangci-lint/releases/assets/522396867"
provenance = "github-attestations"

[tools.golangci-lint."platforms.windows-x64"]
checksum = "sha256:cc119bdd57d2b35ce36fbc174b54949e1a1e45f2cadaf64372cc799cabaf88a9"
url = "https://github.com/golangci/golangci-lint/releases/download/v2.13.1/golangci-lint-2.13.1-windows-amd64.zip"
url_api = "https://api.github.com/repos/golangci/golangci-lint/releases/assets/522396821"
provenance = "github-attestations"

[[tools.hk]]
version = "1.43.0"
backend = "aqua:jdx/hk"

[tools.hk."platforms.linux-arm64"]
checksum = "sha256:f3efa8f95505178bf0ec807ce468b31ada5f7379b9089828487b0c9e67fd67b1"
url = "https://github.com/jdx/hk/releases/download/v1.43.0/hk-aarch64-unknown-linux-gnu.tar.gz"
url_api = "https://api.github.com/repos/jdx/hk/releases/assets/397933156"

[tools.hk."platforms.linux-arm64-musl"]
checksum = "sha256:23fc837d20d42cac85b9575669fd65f0153c4ee3519c4c3715a65c92721009cb"
url = "https://github.com/jdx/hk/releases/download/v1.43.0/hk-aarch64-unknown-linux-musl.tar.gz"
url_api = "https://api.github.com/repos/jdx/hk/releases/assets/397933154"

[tools.hk."platforms.linux-x64"]
checksum = "sha256:66ecbba59208e591101c83148708363e0b6dc4a5df1d41e0bcdbbdd27788f999"
url = "https://github.com/jdx/hk/releases/download/v1.43.0/hk-x86_64-unknown-linux-gnu.tar.gz"
url_api = "https://api.github.com/repos/jdx/hk/releases/assets/397933160"

[tools.hk."platforms.linux-x64-musl"]
checksum = "sha256:1810a7e67a58b12cfb36502054814d7e5fac3e827f30d4b84b7f79454bf0f0c6"
url = "https://github.com/jdx/hk/releases/download/v1.43.0/hk-x86_64-unknown-linux-musl.tar.gz"
url_api = "https://api.github.com/repos/jdx/hk/releases/assets/397933161"

[tools.hk."platforms.macos-arm64"]
checksum = "sha256:7999590e3571b87db3b79b878afd45afc5b7a301c59ee6f28fde0056956e0aeb"
url = "https://github.com/jdx/hk/releases/download/v1.43.0/hk-aarch64-apple-darwin.tar.gz"
url_api = "https://api.github.com/repos/jdx/hk/releases/assets/397933157"

[tools.hk."platforms.windows-x64"]
checksum = "sha256:cf053945bb446175fa4ce1f28fd9fcf0d24b4548cf7043cdd869249c1ff69d8d"
url = "https://github.com/jdx/hk/releases/download/v1.43.0/hk-x86_64-pc-windows-msvc.zip"
url_api = "https://api.github.com/repos/jdx/hk/releases/assets/397933153"

[[tools.pkl]]
version = "0.31.1"
backend = "aqua:apple/pkl"

[tools.pkl."platforms.linux-arm64"]
checksum = "sha256:7ef10e743daa921fb94ae7bdb9ec6986f362bf250c55814b9ea2aeb13f2d083e"
url = "https://github.com/apple/pkl/releases/download/0.31.1/pkl-linux-aarch64"
url_api = "https://api.github.com/repos/apple/pkl/releases/assets/382243722"

[tools.pkl."platforms.linux-arm64-musl"]
checksum = "sha256:7ef10e743daa921fb94ae7bdb9ec6986f362bf250c55814b9ea2aeb13f2d083e"
url = "https://github.com/apple/pkl/releases/download/0.31.1/pkl-linux-aarch64"
url_api = "https://api.github.com/repos/apple/pkl/releases/assets/382243722"

[tools.pkl."platforms.linux-x64"]
checksum = "sha256:618f13955d755cafbfe8c9cba1d27635848cd49dbc6abffd398d2751db1231bf"
url = "https://github.com/apple/pkl/releases/download/0.31.1/pkl-linux-amd64"
url_api = "https://api.github.com/repos/apple/pkl/releases/assets/382243718"

[tools.pkl."platforms.linux-x64-musl"]
checksum = "sha256:618f13955d755cafbfe8c9cba1d27635848cd49dbc6abffd398d2751db1231bf"
url = "https://github.com/apple/pkl/releases/download/0.31.1/pkl-linux-amd64"
url_api = "https://api.github.com/repos/apple/pkl/releases/assets/382243718"

[tools.pkl."platforms.macos-arm64"]
checksum = "sha256:1b6a5438d9624cd2798a7530721bbbfa27ef72efe5c878a1b6c546c6e7ca0e8f"
url = "https://github.com/apple/pkl/releases/download/0.31.1/pkl-macos-aarch64"
url_api = "https://api.github.com/repos/apple/pkl/releases/assets/382243720"

[tools.pkl."platforms.macos-x64"]
checksum = "sha256:22123ed4ae4c03afa8c54c69f77f0bec39b0fa0f67b09d6d148e0a376a2a471d"
url = "https://github.com/apple/pkl/releases/download/0.31.1/pkl-macos-amd64"
url_api = "https://api.github.com/repos/apple/pkl/releases/assets/382243726"

[tools.pkl."platforms.windows-x64"]
checksum = "sha256:a8834481667325b44c539dbb758d7365a16389070f343c04b639bbe525ede013"
url = "https://github.com/apple/pkl/releases/download/0.31.1/pkl-windows-amd64.exe"
url_api = "https://api.github.com/repos/apple/pkl/releases/assets/382243744"

[[tools.watchexec]]
version = "2.5.1"
backend = "aqua:watchexec/watchexec"

[tools.watchexec."platforms.linux-arm64"]
checksum = "sha256:c073887583d502fa0b393a8b847bb4460a111b3b0a199d1f70dafd5d89e71a2f"
url = "https://github.com/watchexec/watchexec/releases/download/v2.5.1/watchexec-2.5.1-aarch64-unknown-linux-musl.tar.xz"
url_api = "https://api.github.com/repos/watchexec/watchexec/releases/assets/384489962"

[tools.watchexec."platforms.linux-arm64-musl"]
checksum = "sha256:c073887583d502fa0b393a8b847bb4460a111b3b0a199d1f70dafd5d89e71a2f"
url = "https://github.com/watchexec/watchexec/releases/download/v2.5.1/watchexec-2.5.1-aarch64-unknown-linux-musl.tar.xz"
url_api = "https://api.github.com/repos/watchexec/watchexec/releases/assets/384489962"

[tools.watchexec."platforms.linux-x64"]
checksum = "sha256:9efabd08de720c1ee7e57b487fe11904f0966828e76146e2b5ea5deee90626be"
url = "https://github.com/watchexec/watchexec/releases/download/v2.5.1/watchexec-2.5.1-x86_64-unknown-linux-musl.tar.xz"
url_api = "https://api.github.com/repos/watchexec/watchexec/releases/assets/384489936"

[tools.watchexec."platforms.linux-x64-musl"]
checksum = "sha256:9efabd08de720c1ee7e57b487fe11904f0966828e76146e2b5ea5deee90626be"
url = "https://github.com/watchexec/watchexec/releases/download/v2.5.1/watchexec-2.5.1-x86_64-unknown-linux-musl.tar.xz"
url_api = "https://api.github.com/repos/watchexec/watchexec/releases/assets/384489936"

[tools.watchexec."platforms.macos-arm64"]
checksum = "sha256:c5e405dd1109940b2510398d2182990c1be59063b94e11d7ace9c7b435cb1df1"
url = "https://github.com/watchexec/watchexec/releases/download/v2.5.1/watchexec-2.5.1-aarch64-apple-darwin.tar.xz"
url_api = "https://api.github.com/repos/watchexec/watchexec/releases/assets/384489930"

[tools.watchexec."platforms.macos-x64"]
checksum = "sha256:bb74bf33286ff7f31dd8e763e017fbc0418360d88baefd35bc57d662d28394e2"
url = "https://github.com/watchexec/watchexec/releases/download/v2.5.1/watchexec-2.5.1-x86_64-apple-darwin.tar.xz"
url_api = "https://api.github.com/repos/watchexec/watchexec/releases/assets/384489931"

[tools.watchexec."platforms.windows-x64"]
checksum = "sha256:aa448c2704ca1a37ce0f1fc75381d9a411946dd293cf6236293f549426a577f7"
url = "https://github.com/watchexec/watchexec/releases/download/v2.5.1/watchexec-2.5.1-x86_64-pc-windows-msvc.zip"
url_api = "https://api.github.com/repos/watchexec/watchexec/releases/assets/384489949"
